
Microsoft Visual Studio Solution File, Format Version 12.00
# Visual Studio 15
VisualStudioVersion = 15.0.28307.421
MinimumVisualStudioVersion = 10.0.40219.1
Project("{FAE04EC0-301F-11D3-BF4B-00C04F79EFBC}") = "GraMonolitycznie", "GraMonolitycznie.csproj", "{F5EAD83E-9486-4D90-9009-30ED1FBD0B2B}"
EndProject
Project("{FAE04EC0-301F-11D3-BF4B-00C04F79EFBC}") = "GraProceduralnie", "..\ConsoleApp1\GraProceduralnie.csproj", "{430DEB76-AF18-4044-A1EE-027EF0FB3078}"
EndProject
Project("{FAE04EC0-301F-11D3-BF4B-00C04F79EFBC}") = "ModelGry", "ConsoleApp1\ModelGry.csproj", "{C8BC6D69-BCC1-4EDF-B49F-578C8DF83E57}"
EndProject
Global
	GlobalSection(SolutionConfigurationPlatforms) = preSolution
		Debug|Any CPU = Debug|Any CPU
		Release|Any CPU = Release|Any CPU
	EndGlobalSection
	GlobalSection(ProjectConfigurationPlatforms) = postSolution
		{F5EAD83E-9486-4D90-9009-30ED1FBD0B2B}.Debug|Any CPU.ActiveCfg = Debug|Any CPU
		{F5EAD83E-9486-4D90-9009-30ED1FBD0B2B}.Debug|Any CPU.Build.0 = Debug|Any CPU
		{F5EAD83E-9486-4D90-9009-30ED1FBD0B2B}.Release|Any CPU.ActiveCfg = Release|Any CPU
		{F5EAD83E-9486-4D90-9009-30ED1FBD0B2B}.Release|Any CPU.Build.0 = Release|Any CPU
		{430DEB76-AF18-4044-A1EE-027EF0FB3078}.Debug|Any CPU.ActiveCfg = Debug|Any CPU
		{430DEB76-AF18-4044-A1EE-027EF0FB3078}.Debug|Any CPU.Build.0 = Debug|Any CPU
		{430DEB76-AF18-4044-A1EE-027EF0FB3078}.Release|Any CPU.ActiveCfg = Release|Any CPU
		{430DEB76-AF18-4044-A1EE-027EF0FB3078}.Release|Any CPU.Build.0 = Release|Any CPU
		{C8BC6D69-BCC1-4EDF-B49F-578C8DF83E57}.Debug|Any CPU.ActiveCfg = Debug|Any CPU
		{C8BC6D69-BCC1-4EDF-B49F-578C8DF83E57}.Debug|Any CPU.Build.0 = Debug|Any CPU
		{C8BC6D69-BCC1-4EDF-B49F-578C8DF83E57}.Release|Any CPU.ActiveCfg = Release|Any CPU
		{C8BC6D69-BCC1-4EDF-B49F-578C8DF83E57}.Release|Any CPU.Build.0 = Release|Any CPU
	EndGlobalSection
	GlobalSection(SolutionProperties) = preSolution
		HideSolutionNode = FALSE
	EndGlobalSection
	GlobalSection(ExtensibilityGlobals) = postSolution
		SolutionGuid = {CD83B3B1-6A9D-4A8E-8FD3-20BAE8465ADC}
	EndGlobalSection
EndGlobal
